
Microsoft Visual Studio Solution File, Format Version 12.00
# Visual Studio Version 17
VisualStudioVersion = 17.8.34227.203
MinimumVisualStudioVersion = 10.0.40219.1
Project("{FAE04EC0-301F-11D3-BF4B-00C04F79EFBC}") = "SAO DESIGN", "SAO DESIGN\SAO DESIGN.csproj", "{2EA9DECF-5E67-4160-B9CD-8E959D3FE274}"
EndProject
Global
	GlobalSection(SolutionConfigurationPlatforms) = preSolution
		Debug|Any CPU = Debug|Any CPU
		Release|Any CPU = Release|Any CPU
	EndGlobalSection
	GlobalSection(ProjectConfigurationPlatforms) = postSolution
		{2EA9DECF-5E67-4160-B9CD-8E959D3FE274}.Debug|Any CPU.ActiveCfg = Debug|Any CPU
		{2EA9DECF-5E67-4160-B9CD-8E959D3FE274}.Debug|Any CPU.Build.0 = Debug|Any CPU
		{2EA9DECF-5E67-4160-B9CD-8E959D3FE274}.Release|Any CPU.ActiveCfg = Release|Any CPU
		{2EA9DECF-5E67-4160-B9CD-8E959D3FE274}.Release|Any CPU.Build.0 = Release|Any CPU
	EndGlobalSection
	GlobalSection(SolutionProperties) = preSolution
		HideSolutionNode = FALSE
	EndGlobalSection
	GlobalSection(ExtensibilityGlobals) = postSolution
		SolutionGuid = {32110F04-633F-4A16-9DB6-779E0582DC1E}
	EndGlobalSection
EndGlobal
